
Microsoft Visual Studio Solution File, Format Version 12.00
# Visual Studio Version 17
VisualStudioVersion = 17.0.32014.148
MinimumVisualStudioVersion = 10.0.40219.1
Project("{FAE04EC0-301F-11D3-BF4B-00C04F79EFBC}") = "InterviewApp", "InterviewApp\InterviewApp.csproj", "{6F11B92A-0658-4110-AF8E-EA34C8FE9E56}"
EndProject
Project("{FAE04EC0-301F-11D3-BF4B-00C04F79EFBC}") = "TestTheInterviewApp", "TestTheInverviewApp\TestTheInterviewApp.csproj", "{0A38496A-E9D5-419D-A974-27767A436662}"
EndProject
Global
	GlobalSection(SolutionConfigurationPlatforms) = preSolution
		Debug|Any CPU = Debug|Any CPU
		Release|Any CPU = Release|Any CPU
	EndGlobalSection
	GlobalSection(ProjectConfigurationPlatforms) = postSolution
		{6F11B92A-0658-4110-AF8E-EA34C8FE9E56}.Debug|Any CPU.ActiveCfg = Debug|Any CPU
		{6F11B92A-0658-4110-AF8E-EA34C8FE9E56}.Debug|Any CPU.Build.0 = Debug|Any CPU
		{6F11B92A-0658-4110-AF8E-EA34C8FE9E56}.Release|Any CPU.ActiveCfg = Release|Any CPU
		{6F11B92A-0658-4110-AF8E-EA34C8FE9E56}.Release|Any CPU.Build.0 = Release|Any CPU
		{0A38496A-E9D5-419D-A974-27767A436662}.Debug|Any CPU.ActiveCfg = Debug|Any CPU
		{0A38496A-E9D5-419D-A974-27767A436662}.Debug|Any CPU.Build.0 = Debug|Any CPU
		{0A38496A-E9D5-419D-A974-27767A436662}.Release|Any CPU.ActiveCfg = Release|Any CPU
		{0A38496A-E9D5-419D-A974-27767A436662}.Release|Any CPU.Build.0 = Release|Any CPU
	EndGlobalSection
	GlobalSection(SolutionProperties) = preSolution
		HideSolutionNode = FALSE
	EndGlobalSection
	GlobalSection(ExtensibilityGlobals) = postSolution
		SolutionGuid = {1A617233-10FE-46A6-8475-8D2FBD295F45}
	EndGlobalSection
EndGlobal
